// !$*UTF8*$!
{
	"archiveVersion" = 1;
	"classes" = {
	};
	"objectVersion" = 56;
	"objects" = {
		"4052B7873752EAA1D20C2691" = {
			"isa" = "PBXFileReference";
			"lastKnownFileType" = "sourcecode.swift";
			"path" = "Vesper/Core/APIClient.swift";
			"sourceTree" = "<group>";
		};
		"A51D76C642BC341C6C85C167" = {
			"isa" = "PBXBuildFile";
			"fileRef" = "4052B7873752EAA1D20C2691";
		};
		"8D0A868C58E11EB887BC3FE8" = {
			"isa" = "PBXFileReference";
			"lastKnownFileType" = "sourcecode.swift";
			"path" = "Vesper/Core/AppStore.swift";
			"sourceTree" = "<group>";
		};
		"C6B83ED962F5A9D9237283AF" = {
			"isa" = "PBXBuildFile";
			"fileRef" = "8D0A868C58E11EB887BC3FE8";
		};
		"FF5F6EFEBC800F2EFB650A16" = {
			"isa" = "PBXFileReference";
			"lastKnownFileType" = "sourcecode.swift";
			"path" = "Vesper/Core/ChatSession.swift";
			"sourceTree" = "<group>";
		};
		"256C70A934891810F7F1F382" = {
			"isa" = "PBXBuildFile";
			"fileRef" = "FF5F6EFEBC800F2EFB650A16";
		};
		"20E17B7D4A29545D3DC1D5EB" = {
			"isa" = "PBXFileReference";
			"lastKnownFileType" = "sourcecode.swift";
			"path" = "Vesper/Core/JSONValue.swift";
			"sourceTree" = "<group>";
		};
		"3804A4D8FEBFDE392C0C067A" = {
			"isa" = "PBXBuildFile";
			"fileRef" = "20E17B7D4A29545D3DC1D5EB";
		};
		"EFF2563A774A36F9AA8EC29E" = {
			"isa" = "PBXFileReference";
			"lastKnownFileType" = "sourcecode.swift";
			"path" = "Vesper/Core/MusicPlayer.swift";
			"sourceTree" = "<group>";
		};
		"A8B61A66A913DDA2E9E2E56D" = {
			"isa" = "PBXBuildFile";
			"fileRef" = "EFF2563A774A36F9AA8EC29E";
		};
		"47C69F25FF350859406AFB42" = {
			"isa" = "PBXFileReference";
			"lastKnownFileType" = "sourcecode.swift";
			"path" = "Vesper/Core/SystemCalls.swift";
			"sourceTree" = "<group>";
		};
		"EEF0E21C35C64D733B5B6BC7" = {
			"isa" = "PBXBuildFile";
			"fileRef" = "47C69F25FF350859406AFB42";
		};
		"3821606D9001AF2E65E9C711" = {
			"isa" = "PBXFileReference";
			"lastKnownFileType" = "sourcecode.swift";
			"path" = "Vesper/VesperApp.swift";
			"sourceTree" = "<group>";
		};
		"B395A8A1CF0335DCE405E7C5" = {
			"isa" = "PBXBuildFile";
			"fileRef" = "3821606D9001AF2E65E9C711";
		};
		"5233DB0BCADCCB952866A7EC" = {
			"isa" = "PBXFileReference";
			"lastKnownFileType" = "sourcecode.swift";
			"path" = "Vesper/Views/ChatCapabilities.swift";
			"sourceTree" = "<group>";
		};
		"6B14623C361295A6F8EF13D1" = {
			"isa" = "PBXBuildFile";
			"fileRef" = "5233DB0BCADCCB952866A7EC";
		};
		"08BE62ADF1F7D7CEB52455E9" = {
			"isa" = "PBXFileReference";
			"lastKnownFileType" = "sourcecode.swift";
			"path" = "Vesper/Views/ChatMusicCard.swift";
			"sourceTree" = "<group>";
		};
		"734FD6D407E21A571580B82F" = {
			"isa" = "PBXBuildFile";
			"fileRef" = "08BE62ADF1F7D7CEB52455E9";
		};
		"74824778C3B2D4F97CFF2F33" = {
			"isa" = "PBXFileReference";
			"lastKnownFileType" = "sourcecode.swift";
			"path" = "Vesper/Views/ChatView.swift";
			"sourceTree" = "<group>";
		};
		"BAB78907F59C0ACE651AAD51" = {
			"isa" = "PBXBuildFile";
			"fileRef" = "74824778C3B2D4F97CFF2F33";
		};
		"0CC7E1B6ECAED67E941FF785" = {
			"isa" = "PBXFileReference";
			"lastKnownFileType" = "sourcecode.swift";
			"path" = "Vesper/Views/Collections.swift";
			"sourceTree" = "<group>";
		};
		"9EFCE9F3D5660F30038C1F45" = {
			"isa" = "PBXBuildFile";
			"fileRef" = "0CC7E1B6ECAED67E941FF785";
		};
		"5060B580E77429CCD1D6870A" = {
			"isa" = "PBXFileReference";
			"lastKnownFileType" = "sourcecode.swift";
			"path" = "Vesper/Views/HealthView.swift";
			"sourceTree" = "<group>";
		};
		"8F100DB66FF8A46379C8FEBE" = {
			"isa" = "PBXBuildFile";
			"fileRef" = "5060B580E77429CCD1D6870A";
		};
		"E18849505CD4268D3A524284" = {
			"isa" = "PBXFileReference";
			"lastKnownFileType" = "sourcecode.swift";
			"path" = "Vesper/Views/HomeView.swift";
			"sourceTree" = "<group>";
		};
		"ECEE39958E2143314FEB5A24" = {
			"isa" = "PBXBuildFile";
			"fileRef" = "E18849505CD4268D3A524284";
		};
		"11C734906ACC545B11607682" = {
			"isa" = "PBXFileReference";
			"lastKnownFileType" = "sourcecode.swift";
			"path" = "Vesper/Views/LibraryViews.swift";
			"sourceTree" = "<group>";
		};
		"09E93486D239728E7F9543DA" = {
			"isa" = "PBXBuildFile";
			"fileRef" = "11C734906ACC545B11607682";
		};
		"7F3EB8227DFC433F8B4762F0" = {
			"isa" = "PBXFileReference";
			"lastKnownFileType" = "sourcecode.swift";
			"path" = "Vesper/Views/MusicView.swift";
			"sourceTree" = "<group>";
		};
		"62113E94319FCBA89E6D94D3" = {
			"isa" = "PBXBuildFile";
			"fileRef" = "7F3EB8227DFC433F8B4762F0";
		};
		"37394390169107932A0618F9" = {
			"isa" = "PBXFileReference";
			"lastKnownFileType" = "sourcecode.swift";
			"path" = "Vesper/Views/SettingsView.swift";
			"sourceTree" = "<group>";
		};
		"6315377C2F6ED0DF771F6AFA" = {
			"isa" = "PBXBuildFile";
			"fileRef" = "37394390169107932A0618F9";
		};
		"9EE35281B28C2B97D5C362D0" = {
			"isa" = "PBXFileReference";
			"lastKnownFileType" = "sourcecode.swift";
			"path" = "Vesper/Views/Stickers.swift";
			"sourceTree" = "<group>";
		};
		"A216A278CC69D47518419506" = {
			"isa" = "PBXBuildFile";
			"fileRef" = "9EE35281B28C2B97D5C362D0";
		};
		"601873DDC311C8465100D9DB" = {
			"isa" = "PBXFileReference";
			"lastKnownFileType" = "sourcecode.swift";
			"path" = "Vesper/Views/SystemPlanner.swift";
			"sourceTree" = "<group>";
		};
		"94C4DDE6F8A433F25C46F9B1" = {
			"isa" = "PBXBuildFile";
			"fileRef" = "601873DDC311C8465100D9DB";
		};
		"81F2F611DED319CEF057B5BC" = {
			"isa" = "PBXFileReference";
			"lastKnownFileType" = "sourcecode.swift";
			"path" = "Vesper/Views/Theme.swift";
			"sourceTree" = "<group>";
		};
		"A87BE86475FE2E2FD7BCE731" = {
			"isa" = "PBXBuildFile";
			"fileRef" = "81F2F611DED319CEF057B5BC";
		};
		"97882A1F5CC7B49792D0DA58" = {
			"isa" = "PBXFileReference";
			"lastKnownFileType" = "sourcecode.swift";
			"path" = "Vesper/Views/VoiceMessage.swift";
			"sourceTree" = "<group>";
		};
		"16B00617FE6B4A2FC034CBD2" = {
			"isa" = "PBXBuildFile";
			"fileRef" = "97882A1F5CC7B49792D0DA58";
		};
		"BCE808DA022E7F7520C3024E" = {
			"isa" = "PBXFileReference";
			"lastKnownFileType" = "folder.assetcatalog";
			"path" = "Vesper/Resources/Assets.xcassets";
			"sourceTree" = "<group>";
		};
		"6B020278789E6879DC86AF9C" = {
			"isa" = "PBXBuildFile";
			"fileRef" = "BCE808DA022E7F7520C3024E";
		};
		"66FA1D8DBE1B558D6A610FF5" = {
			"isa" = "PBXFileReference";
			"lastKnownFileType" = "file";
			"path" = "Vesper/Resources/Ballet.ttf";
			"sourceTree" = "<group>";
		};
		"18F53ABA7EA8DDEC71DF47A6" = {
			"isa" = "PBXBuildFile";
			"fileRef" = "66FA1D8DBE1B558D6A610FF5";
		};
		"ECCB206B01CA3F0409439472" = {
			"isa" = "PBXFileReference";
			"lastKnownFileType" = "text";
			"path" = "Vesper/Resources/Ballet-OFL.txt";
			"sourceTree" = "<group>";
		};
		"3E2896F66A51B95A652DEA2A" = {
			"isa" = "PBXBuildFile";
			"fileRef" = "ECCB206B01CA3F0409439472";
		};
		"945EC64C21749B28C25BF47A" = {
			"isa" = "PBXFileReference";
			"lastKnownFileType" = "text.plist.xml";
			"path" = "Vesper/Info.plist";
			"sourceTree" = "<group>";
		};
		"A172CEDCAE47474B615C54D5" = {
			"isa" = "PBXFileReference";
			"explicitFileType" = "wrapper.application";
			"path" = "Vesper.app";
			"sourceTree" = "BUILT_PRODUCTS_DIR";
			"includeInIndex" = 0;
		};
		"F739566ED5280322FF98A798" = {
			"isa" = "PBXFileReference";
			"explicitFileType" = "wrapper.cfbundle";
			"path" = "VesperTests.xctest";
			"sourceTree" = "BUILT_PRODUCTS_DIR";
			"includeInIndex" = 0;
		};
		"D379FD00D434A83A680CBF5A" = {
			"isa" = "PBXFileReference";
			"lastKnownFileType" = "sourcecode.swift";
			"path" = "VesperTests/ContractTests.swift";
			"sourceTree" = "<group>";
		};
		"F488DD7A55F888AFE972D678" = {
			"isa" = "PBXBuildFile";
			"fileRef" = "D379FD00D434A83A680CBF5A";
		};
		"0A3E27B8CA818264D75C8D81" = {
			"isa" = "PBXGroup";
			"children" = ( "A172CEDCAE47474B615C54D5", "F739566ED5280322FF98A798", "BE4175710B03A81B1E49027A", );
			"name" = "Products";
			"sourceTree" = "<group>";
		};
		"878A52FC5FF6A57D50B7B870" = {
			"isa" = "PBXGroup";
			"children" = ( "4052B7873752EAA1D20C2691", "8D0A868C58E11EB887BC3FE8", "FF5F6EFEBC800F2EFB650A16", "20E17B7D4A29545D3DC1D5EB", "EFF2563A774A36F9AA8EC29E", "47C69F25FF350859406AFB42", "3821606D9001AF2E65E9C711", "5233DB0BCADCCB952866A7EC", "08BE62ADF1F7D7CEB52455E9", "74824778C3B2D4F97CFF2F33", "0CC7E1B6ECAED67E941FF785", "5060B580E77429CCD1D6870A", "E18849505CD4268D3A524284", "11C734906ACC545B11607682", "7F3EB8227DFC433F8B4762F0", "37394390169107932A0618F9", "9EE35281B28C2B97D5C362D0", "601873DDC311C8465100D9DB", "81F2F611DED319CEF057B5BC", "97882A1F5CC7B49792D0DA58", );
			"name" = "Sources";
			"sourceTree" = "<group>";
		};
		"41D311A605520FC7B8B9A980" = {
			"isa" = "PBXGroup";
			"children" = ( "BCE808DA022E7F7520C3024E", "66FA1D8DBE1B558D6A610FF5", "ECCB206B01CA3F0409439472", "945EC64C21749B28C25BF47A", );
			"name" = "Resources";
			"sourceTree" = "<group>";
		};
		"C4DF94A42CA730B26E01C133" = {
			"isa" = "PBXGroup";
			"children" = ( "D379FD00D434A83A680CBF5A", );
			"name" = "Tests";
			"sourceTree" = "<group>";
		};
		"0D6E4079E36703EBD37C0072" = {
			"isa" = "PBXGroup";
			"children" = ( "878A52FC5FF6A57D50B7B870", "41D311A605520FC7B8B9A980", "C4DF94A42CA730B26E01C133", "0A3E27B8CA818264D75C8D81", "EB983975608C9D95849ACA3F", );
			"sourceTree" = "<group>";
		};
		"D626F04DF571B9BB2451CBFE" = {
			"isa" = "PBXSourcesBuildPhase";
			"buildActionMask" = 2147483647;
			"files" = ( "A51D76C642BC341C6C85C167", "C6B83ED962F5A9D9237283AF", "256C70A934891810F7F1F382", "3804A4D8FEBFDE392C0C067A", "A8B61A66A913DDA2E9E2E56D", "EEF0E21C35C64D733B5B6BC7", "B395A8A1CF0335DCE405E7C5", "6B14623C361295A6F8EF13D1", "734FD6D407E21A571580B82F", "BAB78907F59C0ACE651AAD51", "9EFCE9F3D5660F30038C1F45", "8F100DB66FF8A46379C8FEBE", "ECEE39958E2143314FEB5A24", "09E93486D239728E7F9543DA", "62113E94319FCBA89E6D94D3", "6315377C2F6ED0DF771F6AFA", "A216A278CC69D47518419506", "94C4DDE6F8A433F25C46F9B1", "A87BE86475FE2E2FD7BCE731", "16B00617FE6B4A2FC034CBD2", );
			"runOnlyForDeploymentPostprocessing" = 0;
		};
		"5C2473E515024614E403B8B9" = {
			"isa" = "PBXResourcesBuildPhase";
			"buildActionMask" = 2147483647;
			"files" = ( "6B020278789E6879DC86AF9C", "18F53ABA7EA8DDEC71DF47A6", "3E2896F66A51B95A652DEA2A", );
			"runOnlyForDeploymentPostprocessing" = 0;
		};
		"951DDECB505D289B8BC956E6" = {
			"isa" = "PBXFrameworksBuildPhase";
			"buildActionMask" = 2147483647;
			"files" = ();
			"runOnlyForDeploymentPostprocessing" = 0;
		};
		"D0D376A2EDA86752283C593C" = {
			"isa" = "PBXSourcesBuildPhase";
			"buildActionMask" = 2147483647;
			"files" = ( "F488DD7A55F888AFE972D678", );
			"runOnlyForDeploymentPostprocessing" = 0;
		};
		"73EBF6644258C120893E685D" = {
			"isa" = "XCBuildConfiguration";
			"buildSettings" = {
				"IPHONEOS_DEPLOYMENT_TARGET" = "17.0";
				"SDKROOT" = "iphoneos";
				"SWIFT_VERSION" = "5.0";
				"CLANG_ENABLE_MODULES" = "YES";
				"CLANG_ENABLE_OBJC_ARC" = "YES";
				"TARGETED_DEVICE_FAMILY" = "1,2";
				"SWIFT_OPTIMIZATION_LEVEL" = "-Onone";
				"SWIFT_ACTIVE_COMPILATION_CONDITIONS" = "DEBUG $(inherited)";
				"ENABLE_TESTABILITY" = "YES";
			};
			"name" = "Debug";
		};
		"0B0C687DF8B6B8DC790B519C" = {
			"isa" = "XCBuildConfiguration";
			"buildSettings" = {
				"IPHONEOS_DEPLOYMENT_TARGET" = "17.0";
				"SDKROOT" = "iphoneos";
				"SWIFT_VERSION" = "5.0";
				"CLANG_ENABLE_MODULES" = "YES";
				"CLANG_ENABLE_OBJC_ARC" = "YES";
				"TARGETED_DEVICE_FAMILY" = "1,2";
				"SWIFT_OPTIMIZATION_LEVEL" = "-O";
			};
			"name" = "Release";
		};
		"76F8DEC3DFE0BDB465198890" = {
			"isa" = "XCConfigurationList";
			"buildConfigurations" = ( "73EBF6644258C120893E685D", "0B0C687DF8B6B8DC790B519C", );
			"defaultConfigurationIsVisible" = 0;
			"defaultConfigurationName" = "Release";
		};
		"B00CCDD09424E369308D67FA" = {
			"isa" = "XCBuildConfiguration";
			"buildSettings" = {
				"PRODUCT_BUNDLE_IDENTIFIER" = "com.vera.vesper.native";
				"PRODUCT_NAME" = "$(TARGET_NAME)";
				"CODE_SIGN_STYLE" = "Automatic";
				"INFOPLIST_FILE" = "Vesper/Info.plist";
				"CODE_SIGN_ENTITLEMENTS" = "Vesper/Vesper.entitlements";
				"ASSETCATALOG_COMPILER_APPICON_NAME" = "AppIcon";
				"CURRENT_PROJECT_VERSION" = "1";
				"MARKETING_VERSION" = "0.1.0";
				"SUPPORTED_PLATFORMS" = "iphoneos iphonesimulator";
				"SUPPORTS_MACCATALYST" = "NO";
				"LD_RUNPATH_SEARCH_PATHS" = ( "$(inherited)", "@executable_path/Frameworks", );
				"SWIFT_OPTIMIZATION_LEVEL" = "-Onone";
				"SWIFT_ACTIVE_COMPILATION_CONDITIONS" = "DEBUG $(inherited)";
				"ENABLE_TESTABILITY" = "YES";
			};
			"name" = "Debug";
		};
		"1B104479E55E37CF8A63CBDF" = {
			"isa" = "XCBuildConfiguration";
			"buildSettings" = {
				"PRODUCT_BUNDLE_IDENTIFIER" = "com.vera.vesper.native";
				"PRODUCT_NAME" = "$(TARGET_NAME)";
				"CODE_SIGN_STYLE" = "Automatic";
				"INFOPLIST_FILE" = "Vesper/Info.plist";
				"CODE_SIGN_ENTITLEMENTS" = "Vesper/Vesper.entitlements";
				"ASSETCATALOG_COMPILER_APPICON_NAME" = "AppIcon";
				"CURRENT_PROJECT_VERSION" = "1";
				"MARKETING_VERSION" = "0.1.0";
				"SUPPORTED_PLATFORMS" = "iphoneos iphonesimulator";
				"SUPPORTS_MACCATALYST" = "NO";
				"LD_RUNPATH_SEARCH_PATHS" = ( "$(inherited)", "@executable_path/Frameworks", );
				"SWIFT_OPTIMIZATION_LEVEL" = "-O";
			};
			"name" = "Release";
		};
		"06CB67C35A91E16DBD17B949" = {
			"isa" = "XCConfigurationList";
			"buildConfigurations" = ( "B00CCDD09424E369308D67FA", "1B104479E55E37CF8A63CBDF", );
			"defaultConfigurationIsVisible" = 0;
			"defaultConfigurationName" = "Release";
		};
		"C1E9827DB735CA9BAA54A540" = {
			"isa" = "PBXNativeTarget";
			"buildConfigurationList" = "06CB67C35A91E16DBD17B949";
			"buildPhases" = ( "D626F04DF571B9BB2451CBFE", "951DDECB505D289B8BC956E6", "5C2473E515024614E403B8B9", "6105FBB0CA6322F1D3A595D2", );
			"buildRules" = ();
			"dependencies" = ( "A4C2D386AB0259F33DCDC427", );
			"name" = "Vesper";
			"productName" = "Vesper";
			"productReference" = "A172CEDCAE47474B615C54D5";
			"productType" = "com.apple.product-type.application";
		};
		"DAB01D73CBBCF1FEDE84E2D6" = {
			"isa" = "PBXContainerItemProxy";
			"containerPortal" = "244210E48437B6556980A702";
			"proxyType" = 1;
			"remoteGlobalIDString" = "C1E9827DB735CA9BAA54A540";
			"remoteInfo" = "Vesper";
		};
		"72E38AE4860B1840B05EE635" = {
			"isa" = "PBXTargetDependency";
			"target" = "C1E9827DB735CA9BAA54A540";
			"targetProxy" = "DAB01D73CBBCF1FEDE84E2D6";
		};
		"DD3F495F7D6A5AA1C1769021" = {
			"isa" = "XCBuildConfiguration";
			"buildSettings" = {
				"PRODUCT_BUNDLE_IDENTIFIER" = "com.vera.vesper.native.tests";
				"PRODUCT_NAME" = "$(TARGET_NAME)";
				"GENERATE_INFOPLIST_FILE" = "YES";
				"TEST_HOST" = "$(BUILT_PRODUCTS_DIR)/Vesper.app/Vesper";
				"BUNDLE_LOADER" = "$(TEST_HOST)";
				"CODE_SIGN_STYLE" = "Automatic";
				"SWIFT_OPTIMIZATION_LEVEL" = "-Onone";
				"SWIFT_ACTIVE_COMPILATION_CONDITIONS" = "DEBUG $(inherited)";
				"ENABLE_TESTABILITY" = "YES";
			};
			"name" = "Debug";
		};
		"E670BC2FFE794172EBC92AE3" = {
			"isa" = "XCBuildConfiguration";
			"buildSettings" = {
				"PRODUCT_BUNDLE_IDENTIFIER" = "com.vera.vesper.native.tests";
				"PRODUCT_NAME" = "$(TARGET_NAME)";
				"GENERATE_INFOPLIST_FILE" = "YES";
				"TEST_HOST" = "$(BUILT_PRODUCTS_DIR)/Vesper.app/Vesper";
				"BUNDLE_LOADER" = "$(TEST_HOST)";
				"CODE_SIGN_STYLE" = "Automatic";
				"SWIFT_OPTIMIZATION_LEVEL" = "-O";
			};
			"name" = "Release";
		};
		"5FA394EFD07597E96CACD8E1" = {
			"isa" = "XCConfigurationList";
			"buildConfigurations" = ( "DD3F495F7D6A5AA1C1769021", "E670BC2FFE794172EBC92AE3", );
			"defaultConfigurationIsVisible" = 0;
			"defaultConfigurationName" = "Release";
		};
		"9805CBD60EB4F66728D5D195" = {
			"isa" = "PBXNativeTarget";
			"buildConfigurationList" = "5FA394EFD07597E96CACD8E1";
			"buildPhases" = ( "D0D376A2EDA86752283C593C", );
			"buildRules" = ();
			"dependencies" = ( "72E38AE4860B1840B05EE635", );
			"name" = "VesperTests";
			"productName" = "VesperTests";
			"productReference" = "F739566ED5280322FF98A798";
			"productType" = "com.apple.product-type.bundle.unit-test";
		};
		"93FDE6F3109C8A8CF9538836" = {
			"isa" = "PBXFileReference";
			"lastKnownFileType" = "sourcecode.swift";
			"path" = "VesperWidgets/VesperWidgets.swift";
			"sourceTree" = "<group>";
		};
		"E45BF3CB3119BE9EFC415440" = {
			"isa" = "PBXFileReference";
			"lastKnownFileType" = "folder.assetcatalog";
			"path" = "VesperWidgets/Assets.xcassets";
			"sourceTree" = "<group>";
		};
		"E1533F168F6C3111E838403F" = {
			"isa" = "PBXFileReference";
			"lastKnownFileType" = "text.plist.xml";
			"path" = "VesperWidgets/Info.plist";
			"sourceTree" = "<group>";
		};
		"BE4175710B03A81B1E49027A" = {
			"isa" = "PBXFileReference";
			"explicitFileType" = "wrapper.app-extension";
			"path" = "VesperWidgets.appex";
			"sourceTree" = "BUILT_PRODUCTS_DIR";
			"includeInIndex" = 0;
		};
		"EB983975608C9D95849ACA3F" = {
			"isa" = "PBXGroup";
			"children" = ( "93FDE6F3109C8A8CF9538836", "E45BF3CB3119BE9EFC415440", "E1533F168F6C3111E838403F", );
			"name" = "Widgets";
			"sourceTree" = "<group>";
		};
		"3535A932EBB32025FD4BE221" = {
			"isa" = "PBXBuildFile";
			"fileRef" = "93FDE6F3109C8A8CF9538836";
		};
		"3747A985C09D6E91C4EDA618" = {
			"isa" = "PBXSourcesBuildPhase";
			"buildActionMask" = 2147483647;
			"files" = ( "3535A932EBB32025FD4BE221", );
			"runOnlyForDeploymentPostprocessing" = 0;
		};
		"45D7A77DAE2123B85F43176A" = {
			"isa" = "PBXBuildFile";
			"fileRef" = "E45BF3CB3119BE9EFC415440";
		};
		"3DBCC61D731C18BF7451FB4B" = {
			"isa" = "PBXResourcesBuildPhase";
			"buildActionMask" = 2147483647;
			"files" = ( "45D7A77DAE2123B85F43176A", );
			"runOnlyForDeploymentPostprocessing" = 0;
		};
		"9AD757328FBA0087E54990FE" = {
			"isa" = "XCBuildConfiguration";
			"buildSettings" = {
				"PRODUCT_BUNDLE_IDENTIFIER" = "com.vera.vesper.native.widgets";
				"PRODUCT_NAME" = "$(TARGET_NAME)";
				"CODE_SIGN_STYLE" = "Automatic";
				"INFOPLIST_FILE" = "VesperWidgets/Info.plist";
				"CURRENT_PROJECT_VERSION" = "1";
				"MARKETING_VERSION" = "0.1.0";
				"SKIP_INSTALL" = "YES";
				"APPLICATION_EXTENSION_API_ONLY" = "YES";
				"SUPPORTED_PLATFORMS" = "iphoneos iphonesimulator";
				"LD_RUNPATH_SEARCH_PATHS" = ( "$(inherited)", "@executable_path/Frameworks", "@executable_path/../../Frameworks", );
				"SWIFT_OPTIMIZATION_LEVEL" = "-Onone";
				"SWIFT_ACTIVE_COMPILATION_CONDITIONS" = "DEBUG $(inherited)";
				"ENABLE_TESTABILITY" = "YES";
			};
			"name" = "Debug";
		};
		"D20A933185A2F18535D467E0" = {
			"isa" = "XCBuildConfiguration";
			"buildSettings" = {
				"PRODUCT_BUNDLE_IDENTIFIER" = "com.vera.vesper.native.widgets";
				"PRODUCT_NAME" = "$(TARGET_NAME)";
				"CODE_SIGN_STYLE" = "Automatic";
				"INFOPLIST_FILE" = "VesperWidgets/Info.plist";
				"CURRENT_PROJECT_VERSION" = "1";
				"MARKETING_VERSION" = "0.1.0";
				"SKIP_INSTALL" = "YES";
				"APPLICATION_EXTENSION_API_ONLY" = "YES";
				"SUPPORTED_PLATFORMS" = "iphoneos iphonesimulator";
				"LD_RUNPATH_SEARCH_PATHS" = ( "$(inherited)", "@executable_path/Frameworks", "@executable_path/../../Frameworks", );
				"SWIFT_OPTIMIZATION_LEVEL" = "-O";
			};
			"name" = "Release";
		};
		"BD8AC1C6E818972B9977F090" = {
			"isa" = "XCConfigurationList";
			"buildConfigurations" = ( "9AD757328FBA0087E54990FE", "D20A933185A2F18535D467E0", );
			"defaultConfigurationIsVisible" = 0;
			"defaultConfigurationName" = "Release";
		};
		"2F8A7BAD25491C26655C51D8" = {
			"isa" = "PBXNativeTarget";
			"buildConfigurationList" = "BD8AC1C6E818972B9977F090";
			"buildPhases" = ( "3747A985C09D6E91C4EDA618", "3DBCC61D731C18BF7451FB4B", );
			"buildRules" = ();
			"dependencies" = ();
			"name" = "VesperWidgets";
			"productName" = "VesperWidgets";
			"productReference" = "BE4175710B03A81B1E49027A";
			"productType" = "com.apple.product-type.app-extension";
		};
		"01E77404E10F254C43E64C55" = {
			"isa" = "PBXContainerItemProxy";
			"containerPortal" = "244210E48437B6556980A702";
			"proxyType" = 1;
			"remoteGlobalIDString" = "2F8A7BAD25491C26655C51D8";
			"remoteInfo" = "VesperWidgets";
		};
		"A4C2D386AB0259F33DCDC427" = {
			"isa" = "PBXTargetDependency";
			"target" = "2F8A7BAD25491C26655C51D8";
			"targetProxy" = "01E77404E10F254C43E64C55";
		};
		"33BBDD894EEB20345437CED7" = {
			"isa" = "PBXBuildFile";
			"fileRef" = "BE4175710B03A81B1E49027A";
			"settings" = {
				"ATTRIBUTES" = ( "RemoveHeadersOnCopy", );
			};
		};
		"6105FBB0CA6322F1D3A595D2" = {
			"isa" = "PBXCopyFilesBuildPhase";
			"buildActionMask" = 2147483647;
			"dstPath" = "";
			"dstSubfolderSpec" = 13;
			"files" = ( "33BBDD894EEB20345437CED7", );
			"name" = "Embed App Extensions";
			"runOnlyForDeploymentPostprocessing" = 0;
		};
		"244210E48437B6556980A702" = {
			"isa" = "PBXProject";
			"attributes" = {
				"BuildIndependentTargetsInParallel" = "YES";
				"LastUpgradeCheck" = "1600";
				"TargetAttributes" = {
					"C1E9827DB735CA9BAA54A540" = {
						"CreatedOnToolsVersion" = "16.0";
					};
					"9805CBD60EB4F66728D5D195" = {
						"CreatedOnToolsVersion" = "16.0";
						"TestTargetID" = "C1E9827DB735CA9BAA54A540";
					};
				};
			};
			"buildConfigurationList" = "76F8DEC3DFE0BDB465198890";
			"compatibilityVersion" = "Xcode 14.0";
			"developmentRegion" = "en";
			"hasScannedForEncodings" = 0;
			"knownRegions" = ( "en", "Base", );
			"mainGroup" = "0D6E4079E36703EBD37C0072";
			"productRefGroup" = "0A3E27B8CA818264D75C8D81";
			"projectDirPath" = "";
			"projectRoot" = "";
			"targets" = ( "C1E9827DB735CA9BAA54A540", "9805CBD60EB4F66728D5D195", "2F8A7BAD25491C26655C51D8", );
		};
	};
	"rootObject" = "244210E48437B6556980A702";
}
